
Microsoft Visual Studio Solution File, Format Version 12.00
# Visual Studio 15
VisualStudioVersion = 15.0.28307.136
MinimumVisualStudioVersion = 10.0.40219.1
Project("{E24C65DC-7377-472B-9ABA-BC803B73C61A}") = "ASP.NET Playground", "ASP.NET Playground\", "{626E5170-5EF9-46C3-BAB6-E66F445551E4}"
	ProjectSection(WebsiteProperties) = preProject
		TargetFrameworkMoniker = ".NETFramework,Version%3Dv4.7.1"
		Debug.AspNetCompiler.VirtualPath = "/localhost_51678"
		Debug.AspNetCompiler.PhysicalPath = "ASP.NET Playground\"
		Debug.AspNetCompiler.TargetPath = "PrecompiledWeb\localhost_51678\"
		Debug.AspNetCompiler.Updateable = "true"
		Debug.AspNetCompiler.ForceOverwrite = "true"
		Debug.AspNetCompiler.FixedNames = "false"
		Debug.AspNetCompiler.Debug = "True"
		Release.AspNetCompiler.VirtualPath = "/localhost_51678"
		Release.AspNetCompiler.PhysicalPath = "ASP.NET Playground\"
		Release.AspNetCompiler.TargetPath = "PrecompiledWeb\localhost_51678\"
		Release.AspNetCompiler.Updateable = "true"
		Release.AspNetCompiler.ForceOverwrite = "true"
		Release.AspNetCompiler.FixedNames = "false"
		Release.AspNetCompiler.Debug = "False"
		VWDPort = "51678"
		SlnRelativePath = "ASP.NET Playground\"
		DefaultWebSiteLanguage = "Visual C#"
	EndProjectSection
EndProject
Global
	GlobalSection(SolutionConfigurationPlatforms) = preSolution
		Debug|Any CPU = Debug|Any CPU
	EndGlobalSection
	GlobalSection(ProjectConfigurationPlatforms) = postSolution
		{626E5170-5EF9-46C3-BAB6-E66F445551E4}.Debug|Any CPU.ActiveCfg = Debug|Any CPU
		{626E5170-5EF9-46C3-BAB6-E66F445551E4}.Debug|Any CPU.Build.0 = Debug|Any CPU
	EndGlobalSection
	GlobalSection(SolutionProperties) = preSolution
		HideSolutionNode = FALSE
	EndGlobalSection
	GlobalSection(ExtensibilityGlobals) = postSolution
		SolutionGuid = {3E1B2448-1E1A-4DD6-8EA0-52D3E91CBDFA}
	EndGlobalSection
EndGlobal
